
Microsoft Visual Studio Solution File, Format Version 12.00
# Visual Studio 15
VisualStudioVersion = 15.0.26430.16
MinimumVisualStudioVersion = 10.0.40219.1
Project("{FAE04EC0-301F-11D3-BF4B-00C04F79EFBC}") = "ZJDZXJK", "ZJDZXJK\ZJDZXJK.csproj", "{8B5E1459-27AB-48D8-BFC7-3F94B7B09AEC}"
EndProject
Global
	GlobalSection(SolutionConfigurationPlatforms) = preSolution
		Debug|Any CPU = Debug|Any CPU
		Debug|x86 = Debug|x86
		Release|Any CPU = Release|Any CPU
		Release|x86 = Release|x86
	EndGlobalSection
	GlobalSection(ProjectConfigurationPlatforms) = postSolution
		{8B5E1459-27AB-48D8-BFC7-3F94B7B09AEC}.Debug|Any CPU.ActiveCfg = Debug|x86
		{8B5E1459-27AB-48D8-BFC7-3F94B7B09AEC}.Debug|Any CPU.Build.0 = Debug|x86
		{8B5E1459-27AB-48D8-BFC7-3F94B7B09AEC}.Debug|x86.ActiveCfg = Debug|x86
		{8B5E1459-27AB-48D8-BFC7-3F94B7B09AEC}.Debug|x86.Build.0 = Debug|x86
		{8B5E1459-27AB-48D8-BFC7-3F94B7B09AEC}.Release|Any CPU.ActiveCfg = Release|Any CPU
		{8B5E1459-27AB-48D8-BFC7-3F94B7B09AEC}.Release|Any CPU.Build.0 = Release|Any CPU
		{8B5E1459-27AB-48D8-BFC7-3F94B7B09AEC}.Release|x86.ActiveCfg = Release|x86
		{8B5E1459-27AB-48D8-BFC7-3F94B7B09AEC}.Release|x86.Build.0 = Release|x86
	EndGlobalSection
	GlobalSection(SolutionProperties) = preSolution
		HideSolutionNode = FALSE
	EndGlobalSection
EndGlobal
